// !$*UTF8*$!
{
	archiveVersion = 1;
	classes = {
	};
	objectVersion = 46;
	objects = {

/* Begin PBXBuildFile section */
		5E0A0E3D1CEEBF3500AF1462 /* main.m in Sources */ = {isa = PBXBuildFile; fileRef = 5E0A0E3C1CEEBF3500AF1462 /* main.m */; };
		5E0A0E401CEEBF3500AF1462 /* AppDelegate.m in Sources */ = {isa = PBXBuildFile; fileRef = 5E0A0E3F1CEEBF3500AF1462 /* AppDelegate.m */; };
		5E0A0E431CEEBF3500AF1462 /* ViewController.m in Sources */ = {isa = PBXBuildFile; fileRef = 5E0A0E421CEEBF3500AF1462 /* ViewController.m */; };
		5E0A0E461CEEBF3500AF1462 /* Main.storyboard in Resources */ = {isa = PBXBuildFile; fileRef = 5E0A0E441CEEBF3500AF1462 /* Main.storyboard */; };
		5E0A0E481CEEBF3500AF1462 /* Assets.xcassets in Resources */ = {isa = PBXBuildFile; fileRef = 5E0A0E471CEEBF3500AF1462 /* Assets.xcassets */; };
		5E0A0E4B1CEEBF3500AF1462 /* LaunchScreen.storyboard in Resources */ = {isa = PBXBuildFile; fileRef = 5E0A0E491CEEBF3500AF1462 /* LaunchScreen.storyboard */; };
		5E0A0E561CEEBF3500AF1462 /* BlueToothDemoTests.m in Sources */ = {isa = PBXBuildFile; fileRef = 5E0A0E551CEEBF3500AF1462 /* BlueToothDemoTests.m */; };
		5E0A0E611CEEBF3500AF1462 /* BlueToothDemoUITests.m in Sources */ = {isa = PBXBuildFile; fileRef = 5E0A0E601CEEBF3500AF1462 /* BlueToothDemoUITests.m */; };
/* End PBXBuildFile section */

/* Begin PBXContainerItemProxy section */
		5E0A0E521CEEBF3500AF1462 /* PBXContainerItemProxy */ = {
			isa = PBXContainerItemProxy;
			containerPortal = 5E0A0E301CEEBF3500AF1462 /* Project object */;
			proxyType = 1;
			remoteGlobalIDString = 5E0A0E371CEEBF3500AF1462;
			remoteInfo = BlueToothDemo;
		};
		5E0A0E5D1CEEBF3500AF1462 /* PBXContainerItemProxy */ = {
			isa = PBXContainerItemProxy;
			containerPortal = 5E0A0E301CEEBF3500AF1462 /* Project object */;
			proxyType = 1;
			remoteGlobalIDString = 5E0A0E371CEEBF3500AF1462;
			remoteInfo = BlueToothDemo;
		};
/* End PBXContainerItemProxy section */

/* Begin PBXFileReference section */
		5E0A0E381CEEBF3500AF1462 /* BlueToothDemo.app */ = {isa = PBXFileReference; explicitFileType = wrapper.application; includeInIndex = 0; path = BlueToothDemo.app; sourceTree = BUILT_PRODUCTS_DIR; };
		5E0A0E3C1CEEBF3500AF1462 /* main.m */ = {isa = PBXFileReference; lastKnownFileType = sourcecode.c.objc; path = main.m; sourceTree = "<group>"; };
		5E0A0E3E1CEEBF3500AF1462 /* AppDelegate.h */ = {isa = PBXFileReference; lastKnownFileType = sourcecode.c.h; path = AppDelegate.h; sourceTree = "<group>"; };
		5E0A0E3F1CEEBF3500AF1462 /* AppDelegate.m */ = {isa = PBXFileReference; lastKnownFileType = sourcecode.c.objc; path = AppDelegate.m; sourceTree = "<group>"; };
		5E0A0E411CEEBF3500AF1462 /* ViewController.h */ = {isa = PBXFileReference; lastKnownFileType = sourcecode.c.h; path = ViewController.h; sourceTree = "<group>"; };
		5E0A0E421CEEBF3500AF1462 /* ViewController.m */ = {isa = PBXFileReference; lastKnownFileType = sourcecode.c.objc; path = ViewController.m; sourceTree = "<group>"; };
		5E0A0E451CEEBF3500AF1462 /* Base */ = {isa = PBXFileReference; lastKnownFileType = file.storyboard; name = Base; path = Base.lproj/Main.storyboard; sourceTree = "<group>"; };
		5E0A0E471CEEBF3500AF1462 /* Assets.xcassets */ = {isa = PBXFileReference; lastKnownFileType = folder.assetcatalog; path = Assets.xcassets; sourceTree = "<group>"; };
		5E0A0E4A1CEEBF3500AF1462 /* Base */ = {isa = PBXFileReference; lastKnownFileType = file.storyboard; name = Base; path = Base.lproj/LaunchScreen.storyboard; sourceTree = "<group>"; };
		5E0A0E4C1CEEBF3500AF1462 /* Info.plist */ = {isa = PBXFileReference; lastKnownFileType = text.plist.xml; path = Info.plist; sourceTree = "<group>"; };
		5E0A0E511CEEBF3500AF1462 /* BlueToothDemoTests.xctest */ = {isa = PBXFileReference; explicitFileType = wrapper.cfbundle; includeInIndex = 0; path = BlueToothDemoTests.xctest; sourceTree = BUILT_PRODUCTS_DIR; };
		5E0A0E551CEEBF3500AF1462 /* BlueToothDemoTests.m */ = {isa = PBXFileReference; lastKnownFileType = sourcecode.c.objc; path = BlueToothDemoTests.m; sourceTree = "<group>"; };
		5E0A0E571CEEBF3500AF1462 /* Info.plist */ = {isa = PBXFileReference; lastKnownFileType = text.plist.xml; path = Info.plist; sourceTree = "<group>"; };
		5E0A0E5C1CEEBF3500AF1462 /* BlueToothDemoUITests.xctest */ = {isa = PBXFileReference; explicitFileType = wrapper.cfbundle; includeInIndex = 0; path = BlueToothDemoUITests.xctest; sourceTree = BUILT_PRODUCTS_DIR; };
		5E0A0E601CEEBF3500AF1462 /* BlueToothDemoUITests.m */ = {isa = PBXFileReference; lastKnownFileType = sourcecode.c.objc; path = BlueToothDemoUITests.m; sourceTree = "<group>"; };
		5E0A0E621CEEBF3500AF1462 /* Info.plist */ = {isa = PBXFileReference; lastKnownFileType = text.plist.xml; path = Info.plist; sourceTree = "<group>"; };
/* End PBXFileReference section */

/* Begin PBXFrameworksBuildPhase section */
		5E0A0E351CEEBF3500AF1462 /* Frameworks */ = {
			isa = PBXFrameworksBuildPhase;
			buildActionMask = 2147483647;
			files = (
			);
			runOnlyForDeploymentPostprocessing = 0;
		};
		5E0A0E4E1CEEBF3500AF1462 /* Frameworks */ = {
			isa = PBXFrameworksBuildPhase;
			buildActionMask = 2147483647;
			files = (
			);
			runOnlyForDeploymentPostprocessing = 0;
		};
		5E0A0E591CEEBF3500AF1462 /* Frameworks */ = {
			isa = PBXFrameworksBuildPhase;
			buildActionMask = 2147483647;
			files = (
			);
			runOnlyForDeploymentPostprocessing = 0;
		};
/* End PBXFrameworksBuildPhase section */

/* Begin PBXGroup section */
		5E0A0E2F1CEEBF3500AF1462 = {
			isa = PBXGroup;
			children = (
				5E0A0E3A1CEEBF3500AF1462 /* BlueToothDemo */,
				5E0A0E541CEEBF3500AF1462 /* BlueToothDemoTests */,
				5E0A0E5F1CEEBF3500AF1462 /* BlueToothDemoUITests */,
				5E0A0E391CEEBF3500AF1462 /* Products */,
			);
			sourceTree = "<group>";
		};
		5E0A0E391CEEBF3500AF1462 /* Products */ = {
			isa = PBXGroup;
			children = (
				5E0A0E381CEEBF3500AF1462 /* BlueToothDemo.app */,
				5E0A0E511CEEBF3500AF1462 /* BlueToothDemoTests.xctest */,
				5E0A0E5C1CEEBF3500AF1462 /* BlueToothDemoUITests.xctest */,
			);
			name = Products;
			sourceTree = "<group>";
		};
		5E0A0E3A1CEEBF3500AF1462 /* BlueToothDemo */ = {
			isa = PBXGroup;
			children = (
				5E0A0E3E1CEEBF3500AF1462 /* AppDelegate.h */,
				5E0A0E3F1CEEBF3500AF1462 /* AppDelegate.m */,
				5E0A0E411CEEBF3500AF1462 /* ViewController.h */,
				5E0A0E421CEEBF3500AF1462 /* ViewController.m */,
				5E0A0E441CEEBF3500AF1462 /* Main.storyboard */,
				5E0A0E471CEEBF3500AF1462 /* Assets.xcassets */,
				5E0A0E491CEEBF3500AF1462 /* LaunchScreen.storyboard */,
				5E0A0E4C1CEEBF3500AF1462 /* Info.plist */,
				5E0A0E3B1CEEBF3500AF1462 /* Supporting Files */,
			);
			path = BlueToothDemo;
			sourceTree = "<group>";
		};
		5E0A0E3B1CEEBF3500AF1462 /* Supporting Files */ = {
			isa = PBXGroup;
			children = (
				5E0A0E3C1CEEBF3500AF1462 /* main.m */,
			);
			name = "Supporting Files";
			sourceTree = "<group>";
		};
		5E0A0E541CEEBF3500AF1462 /* BlueToothDemoTests */ = {
			isa = PBXGroup;
			children = (
				5E0A0E551CEEBF3500AF1462 /* BlueToothDemoTests.m */,
				5E0A0E571CEEBF3500AF1462 /* Info.plist */,
			);
			path = BlueToothDemoTests;
			sourceTree = "<group>";
		};
		5E0A0E5F1CEEBF3500AF1462 /* BlueToothDemoUITests */ = {
			isa = PBXGroup;
			children = (
				5E0A0E601CEEBF3500AF1462 /* BlueToothDemoUITests.m */,
				5E0A0E621CEEBF3500AF1462 /* Info.plist */,
			);
			path = BlueToothDemoUITests;
			sourceTree = "<group>";
		};
/* End PBXGroup section */

/* Begin PBXNativeTarget section */
		5E0A0E371CEEBF3500AF1462 /* BlueToothDemo */ = {
			isa = PBXNativeTarget;
			buildConfigurationList = 5E0A0E651CEEBF3500AF1462 /* Build configuration list for PBXNativeTarget "BlueToothDemo" */;
			buildPhases = (
				5E0A0E341CEEBF3500AF1462 /* Sources */,
				5E0A0E351CEEBF3500AF1462 /* Frameworks */,
				5E0A0E361CEEBF3500AF1462 /* Resources */,
			);
			buildRules = (
			);
			dependencies = (
			);
			name = BlueToothDemo;
			productName = BlueToothDemo;
			productReference = 5E0A0E381CEEBF3500AF1462 /* BlueToothDemo.app */;
			productType = "com.apple.product-type.application";
		};
		5E0A0E501CEEBF3500AF1462 /* BlueToothDemoTests */ = {
			isa = PBXNativeTarget;
			buildConfigurationList = 5E0A0E681CEEBF3500AF1462 /* Build configuration list for PBXNativeTarget "BlueToothDemoTests" */;
			buildPhases = (
				5E0A0E4D1CEEBF3500AF1462 /* Sources */,
				5E0A0E4E1CEEBF3500AF1462 /* Frameworks */,
				5E0A0E4F1CEEBF3500AF1462 /* Resources */,
			);
			buildRules = (
			);
			dependencies = (
				5E0A0E531CEEBF3500AF1462 /* PBXTargetDependency */,
			);
			name = BlueToothDemoTests;
			productName = BlueToothDemoTests;
			productReference = 5E0A0E511CEEBF3500AF1462 /* BlueToothDemoTests.xctest */;
			productType = "com.apple.product-type.bundle.unit-test";
		};
		5E0A0E5B1CEEBF3500AF1462 /* BlueToothDemoUITests */ = {
			isa = PBXNativeTarget;
			buildConfigurationList = 5E0A0E6B1CEEBF3500AF1462 /* Build configuration list for PBXNativeTarget "BlueToothDemoUITests" */;
			buildPhases = (
				5E0A0E581CEEBF3500AF1462 /* Sources */,
				5E0A0E591CEEBF3500AF1462 /* Frameworks */,
				5E0A0E5A1CEEBF3500AF1462 /* Resources */,
			);
			buildRules = (
			);
			dependencies = (
				5E0A0E5E1CEEBF3500AF1462 /* PBXTargetDependency */,
			);
			name = BlueToothDemoUITests;
			productName = BlueToothDemoUITests;
			productReference = 5E0A0E5C1CEEBF3500AF1462 /* BlueToothDemoUITests.xctest */;
			productType = "com.apple.product-type.bundle.ui-testing";
		};
/* End PBXNativeTarget section */

/* Begin PBXProject section */
		5E0A0E301CEEBF3500AF1462 /* Project object */ = {
			isa = PBXProject;
			attributes = {
				LastUpgradeCheck = 0720;
				ORGANIZATIONNAME = "吕盼举";
				TargetAttributes = {
					5E0A0E371CEEBF3500AF1462 = {
						CreatedOnToolsVersion = 7.2.1;
					};
					5E0A0E501CEEBF3500AF1462 = {
						CreatedOnToolsVersion = 7.2.1;
						TestTargetID = 5E0A0E371CEEBF3500AF1462;
					};
					5E0A0E5B1CEEBF3500AF1462 = {
						CreatedOnToolsVersion = 7.2.1;
						TestTargetID = 5E0A0E371CEEBF3500AF1462;
					};
				};
			};
			buildConfigurationList = 5E0A0E331CEEBF3500AF1462 /* Build configuration list for PBXProject "BlueToothDemo" */;
			compatibilityVersion = "Xcode 3.2";
			developmentRegion = English;
			hasScannedForEncodings = 0;
			knownRegions = (
				en,
				Base,
			);
			mainGroup = 5E0A0E2F1CEEBF3500AF1462;
			productRefGroup = 5E0A0E391CEEBF3500AF1462 /* Products */;
			projectDirPath = "";
			projectRoot = "";
			targets = (
				5E0A0E371CEEBF3500AF1462 /* BlueToothDemo */,
				5E0A0E501CEEBF3500AF1462 /* BlueToothDemoTests */,
				5E0A0E5B1CEEBF3500AF1462 /* BlueToothDemoUITests */,
			);
		};
/* End PBXProject section */

/* Begin PBXResourcesBuildPhase section */
		5E0A0E361CEEBF3500AF1462 /* Resources */ = {
			isa = PBXResourcesBuildPhase;
			buildActionMask = 2147483647;
			files = (
				5E0A0E4B1CEEBF3500AF1462 /* LaunchScreen.storyboard in Resources */,
				5E0A0E481CEEBF3500AF1462 /* Assets.xcassets in Resources */,
				5E0A0E461CEEBF3500AF1462 /* Main.storyboard in Resources */,
			);
			runOnlyForDeploymentPostprocessing = 0;
		};
		5E0A0E4F1CEEBF3500AF1462 /* Resources */ = {
			isa = PBXResourcesBuildPhase;
			buildActionMask = 2147483647;
			files = (
			);
			runOnlyForDeploymentPostprocessing = 0;
		};
		5E0A0E5A1CEEBF3500AF1462 /* Resources */ = {
			isa = PBXResourcesBuildPhase;
			buildActionMask = 2147483647;
			files = (
			);
			runOnlyForDeploymentPostprocessing = 0;
		};
/* End PBXResourcesBuildPhase section */

/* Begin PBXSourcesBuildPhase section */
		5E0A0E341CEEBF3500AF1462 /* Sources */ = {
			isa = PBXSourcesBuildPhase;
			buildActionMask = 2147483647;
			files = (
				5E0A0E431CEEBF3500AF1462 /* ViewController.m in Sources */,
				5E0A0E401CEEBF3500AF1462 /* AppDelegate.m in Sources */,
				5E0A0E3D1CEEBF3500AF1462 /* main.m in Sources */,
			);
			runOnlyForDeploymentPostprocessing = 0;
		};
		5E0A0E4D1CEEBF3500AF1462 /* Sources */ = {
			isa = PBXSourcesBuildPhase;
			buildActionMask = 2147483647;
			files = (
				5E0A0E561CEEBF3500AF1462 /* BlueToothDemoTests.m in Sources */,
			);
			runOnlyForDeploymentPostprocessing = 0;
		};
		5E0A0E581CEEBF3500AF1462 /* Sources */ = {
			isa = PBXSourcesBuildPhase;
			buildActionMask = 2147483647;
			files = (
				5E0A0E611CEEBF3500AF1462 /* BlueToothDemoUITests.m in Sources */,
			);
			runOnlyForDeploymentPostprocessing = 0;
		};
/* End PBXSourcesBuildPhase section */

/* Begin PBXTargetDependency section */
		5E0A0E531CEEBF3500AF1462 /* PBXTargetDependency */ = {
			isa = PBXTargetDependency;
			target = 5E0A0E371CEEBF3500AF1462 /* BlueToothDemo */;
			targetProxy = 5E0A0E521CEEBF3500AF1462 /* PBXContainerItemProxy */;
		};
		5E0A0E5E1CEEBF3500AF1462 /* PBXTargetDependency */ = {
			isa = PBXTargetDependency;
			target = 5E0A0E371CEEBF3500AF1462 /* BlueToothDemo */;
			targetProxy = 5E0A0E5D1CEEBF3500AF1462 /* PBXContainerItemProxy */;
		};
/* End PBXTargetDependency section */

/* Begin PBXVariantGroup section */
		5E0A0E441CEEBF3500AF1462 /* Main.storyboard */ = {
			isa = PBXVariantGroup;
			children = (
				5E0A0E451CEEBF3500AF1462 /* Base */,
			);
			name = Main.storyboard;
			sourceTree = "<group>";
		};
		5E0A0E491CEEBF3500AF1462 /* LaunchScreen.storyboard */ = {
			isa = PBXVariantGroup;
			children = (
				5E0A0E4A1CEEBF3500AF1462 /* Base */,
			);
			name = LaunchScreen.storyboard;
			sourceTree = "<group>";
		};
/* End PBXVariantGroup section */

/* Begin XCBuildConfiguration section */
		5E0A0E631CEEBF3500AF1462 /* Debug */ = {
			isa = XCBuildConfiguration;
			buildSettings = {
				ALWAYS_SEARCH_USER_PATHS = NO;
				CLANG_CXX_LANGUAGE_STANDARD = "gnu++0x";
				CLANG_CXX_LIBRARY = "libc++";
				CLANG_ENABLE_MODULES = YES;
				CLANG_ENABLE_OBJC_ARC = YES;
				CLANG_WARN_BOOL_CONVERSION = YES;
				CLANG_WARN_CONSTANT_CONVERSION = YES;
				CLANG_WARN_DIRECT_OBJC_ISA_USAGE = YES_ERROR;
				CLANG_WARN_EMPTY_BODY = YES;
				CLANG_WARN_ENUM_CONVERSION = YES;
				CLANG_WARN_INT_CONVERSION = YES;
				CLANG_WARN_OBJC_ROOT_CLASS = YES_ERROR;
				CLANG_WARN_UNREACHABLE_CODE = YES;
				CLANG_WARN__DUPLICATE_METHOD_MATCH = YES;
				"CODE_SIGN_IDENTITY[sdk=iphoneos*]" = "iPhone Developer";
				COPY_PHASE_STRIP = NO;
				DEBUG_INFORMATION_FORMAT = dwarf;
				ENABLE_STRICT_OBJC_MSGSEND = YES;
				ENABLE_TESTABILITY = YES;
				GCC_C_LANGUAGE_STANDARD = gnu99;
				GCC_DYNAMIC_NO_PIC = NO;
				GCC_NO_COMMON_BLOCKS = YES;
				GCC_OPTIMIZATION_LEVEL = 0;
				GCC_PREPROCESSOR_DEFINITIONS = (
					"DEBUG=1",
					"$(inherited)",
				);
				GCC_WARN_64_TO_32_BIT_CONVERSION = YES;
				GCC_WARN_ABOUT_RETURN_TYPE = YES_ERROR;
				GCC_WARN_UNDECLARED_SELECTOR = YES;
				GCC_WARN_UNINITIALIZED_AUTOS = YES_AGGRESSIVE;
				GCC_WARN_UNUSED_FUNCTION = YES;
				GCC_WARN_UNUSED_VARIABLE = YES;
				IPHONEOS_DEPLOYMENT_TARGET = 9.2;
				MTL_ENABLE_DEBUG_INFO = YES;
				ONLY_ACTIVE_ARCH = YES;
				SDKROOT = iphoneos;
			};
			name = Debug;
		};
		5E0A0E641CEEBF3500AF1462 /* Release */ = {
			isa = XCBuildConfiguration;
			buildSettings = {
				ALWAYS_SEARCH_USER_PATHS = NO;
				CLANG_CXX_LANGUAGE_STANDARD = "gnu++0x";
				CLANG_CXX_LIBRARY = "libc++";
				CLANG_ENABLE_MODULES = YES;
				CLANG_ENABLE_OBJC_ARC = YES;
				CLANG_WARN_BOOL_CONVERSION = YES;
				CLANG_WARN_CONSTANT_CONVERSION = YES;
				CLANG_WARN_DIRECT_OBJC_ISA_USAGE = YES_ERROR;
				CLANG_WARN_EMPTY_BODY = YES;
				CLANG_WARN_ENUM_CONVERSION = YES;
				CLANG_WARN_INT_CONVERSION = YES;
				CLANG_WARN_OBJC_ROOT_CLASS = YES_ERROR;
				CLANG_WARN_UNREACHABLE_CODE = YES;
				CLANG_WARN__DUPLICATE_METHOD_MATCH = YES;
				"CODE_SIGN_IDENTITY[sdk=iphoneos*]" = "iPhone Developer";
				COPY_PHASE_STRIP = NO;
				DEBUG_INFORMATION_FORMAT = "dwarf-with-dsym";
				ENABLE_NS_ASSERTIONS = NO;
				ENABLE_STRICT_OBJC_MSGSEND = YES;
				GCC_C_LANGUAGE_STANDARD = gnu99;
				GCC_NO_COMMON_BLOCKS = YES;
				GCC_WARN_64_TO_32_BIT_CONVERSION = YES;
				GCC_WARN_ABOUT_RETURN_TYPE = YES_ERROR;
				GCC_WARN_UNDECLARED_SELECTOR = YES;
				GCC_WARN_UNINITIALIZED_AUTOS = YES_AGGRESSIVE;
				GCC_WARN_UNUSED_FUNCTION = YES;
				GCC_WARN_UNUSED_VARIABLE = YES;
				IPHONEOS_DEPLOYMENT_TARGET = 9.2;
				MTL_ENABLE_DEBUG_INFO = NO;
				SDKROOT = iphoneos;
				VALIDATE_PRODUCT = YES;
			};
			name = Release;
		};
		5E0A0E661CEEBF3500AF1462 /* Debug */ = {
			isa = XCBuildConfiguration;
			buildSettings = {
				ASSETCATALOG_COMPILER_APPICON_NAME = AppIcon;
				INFOPLIST_FILE = BlueToothDemo/Info.plist;
				LD_RUNPATH_SEARCH_PATHS = "$(inherited) @executable_path/Frameworks";
				PRODUCT_BUNDLE_IDENTIFIER = sbyy.BlueToothDemo;
				PRODUCT_NAME = "$(TARGET_NAME)";
			};
			name = Debug;
		};
		5E0A0E671CEEBF3500AF1462 /* Release */ = {
			isa = XCBuildConfiguration;
			buildSettings = {
				ASSETCATALOG_COMPILER_APPICON_NAME = AppIcon;
				INFOPLIST_FILE = BlueToothDemo/Info.plist;
				LD_RUNPATH_SEARCH_PATHS = "$(inherited) @executable_path/Frameworks";
				PRODUCT_BUNDLE_IDENTIFIER = sbyy.BlueToothDemo;
				PRODUCT_NAME = "$(TARGET_NAME)";
			};
			name = Release;
		};
		5E0A0E691CEEBF3500AF1462 /* Debug */ = {
			isa = XCBuildConfiguration;
			buildSettings = {
				BUNDLE_LOADER = "$(TEST_HOST)";
				INFOPLIST_FILE = BlueToothDemoTests/Info.plist;
				LD_RUNPATH_SEARCH_PATHS = "$(inherited) @executable_path/Frameworks @loader_path/Frameworks";
				PRODUCT_BUNDLE_IDENTIFIER = sbyy.BlueToothDemoTests;
				PRODUCT_NAME = "$(TARGET_NAME)";
				TEST_HOST = "$(BUILT_PRODUCTS_DIR)/BlueToothDemo.app/BlueToothDemo";
			};
			name = Debug;
		};
		5E0A0E6A1CEEBF3500AF1462 /* Release */ = {
			isa = XCBuildConfiguration;
			buildSettings = {
				BUNDLE_LOADER = "$(TEST_HOST)";
				INFOPLIST_FILE = BlueToothDemoTests/Info.plist;
				LD_RUNPATH_SEARCH_PATHS = "$(inherited) @executable_path/Frameworks @loader_path/Frameworks";
				PRODUCT_BUNDLE_IDENTIFIER = sbyy.BlueToothDemoTests;
				PRODUCT_NAME = "$(TARGET_NAME)";
				TEST_HOST = "$(BUILT_PRODUCTS_DIR)/BlueToothDemo.app/BlueToothDemo";
			};
			name = Release;
		};
		5E0A0E6C1CEEBF3500AF1462 /* Debug */ = {
			isa = XCBuildConfiguration;
			buildSettings = {
				INFOPLIST_FILE = BlueToothDemoUITests/Info.plist;
				LD_RUNPATH_SEARCH_PATHS = "$(inherited) @executable_path/Frameworks @loader_path/Frameworks";
				PRODUCT_BUNDLE_IDENTIFIER = sbyy.BlueToothDemoUITests;
				PRODUCT_NAME = "$(TARGET_NAME)";
				TEST_TARGET_NAME = BlueToothDemo;
				USES_XCTRUNNER = YES;
			};
			name = Debug;
		};
		5E0A0E6D1CEEBF3500AF1462 /* Release */ = {
			isa = XCBuildConfiguration;
			buildSettings = {
				INFOPLIST_FILE = BlueToothDemoUITests/Info.plist;
				LD_RUNPATH_SEARCH_PATHS = "$(inherited) @executable_path/Frameworks @loader_path/Frameworks";
				PRODUCT_BUNDLE_IDENTIFIER = sbyy.BlueToothDemoUITests;
				PRODUCT_NAME = "$(TARGET_NAME)";
				TEST_TARGET_NAME = BlueToothDemo;
				USES_XCTRUNNER = YES;
			};
			name = Release;
		};
/* End XCBuildConfiguration section */

/* Begin XCConfigurationList section */
		5E0A0E331CEEBF3500AF1462 /* Build configuration list for PBXProject "BlueToothDemo" */ = {
			isa = XCConfigurationList;
			buildConfigurations = (
				5E0A0E631CEEBF3500AF1462 /* Debug */,
				5E0A0E641CEEBF3500AF1462 /* Release */,
			);
			defaultConfigurationIsVisible = 0;
			defaultConfigurationName = Release;
		};
		5E0A0E651CEEBF3500AF1462 /* Build configuration list for PBXNativeTarget "BlueToothDemo" */ = {
			isa = XCConfigurationList;
			buildConfigurations = (
				5E0A0E661CEEBF3500AF1462 /* Debug */,
				5E0A0E671CEEBF3500AF1462 /* Release */,
			);
			defaultConfigurationIsVisible = 0;
		};
		5E0A0E681CEEBF3500AF1462 /* Build configuration list for PBXNativeTarget "BlueToothDemoTests" */ = {
			isa = XCConfigurationList;
			buildConfigurations = (
				5E0A0E691CEEBF3500AF1462 /* Debug */,
				5E0A0E6A1CEEBF3500AF1462 /* Release */,
			);
			defaultConfigurationIsVisible = 0;
		};
		5E0A0E6B1CEEBF3500AF1462 /* Build configuration list for PBXNativeTarget "BlueToothDemoUITests" */ = {
			isa = XCConfigurationList;
			buildConfigurations = (
				5E0A0E6C1CEEBF3500AF1462 /* Debug */,
				5E0A0E6D1CEEBF3500AF1462 /* Release */,
			);
			defaultConfigurationIsVisible = 0;
		};
/* End XCConfigurationList section */
	};
	rootObject = 5E0A0E301CEEBF3500AF1462 /* Project object */;
}
